
Microsoft Visual Studio Solution File, Format Version 12.00
# Visual Studio 15
VisualStudioVersion = 15.0.28307.645
MinimumVisualStudioVersion = 10.0.40219.1
Project("{FAE04EC0-301F-11D3-BF4B-00C04F79EFBC}") = "Toys4U Back Office", "Toys4U Back Office\Toys4U Back Office.csproj", "{DB79DE9B-7A54-4ADE-B8E4-C0ED2EBC51E3}"
EndProject
Project("{FAE04EC0-301F-11D3-BF4B-00C04F79EFBC}") = "Toys4U Classes", "Toys4U Classes\Toys4U Classes.csproj", "{E8E1B7CA-8FCE-400E-8DE3-C273DD32343E}"
EndProject
Project("{FAE04EC0-301F-11D3-BF4B-00C04F79EFBC}") = "Toys4U Testing", "Toys4U Testing\Toys4U Testing.csproj", "{D3D100DD-FAF6-4DBF-85A6-4C6F8732B34E}"
EndProject
Project("{FAE04EC0-301F-11D3-BF4B-00C04F79EFBC}") = "Toys4U Front Office", "Toys4U Front Office\Toys4U Front Office.csproj", "{FCA405E4-B5D9-4AB8-907D-65BA9FF9A129}"
EndProject
Global
	GlobalSection(SolutionConfigurationPlatforms) = preSolution
		Debug|Any CPU = Debug|Any CPU
		Release|Any CPU = Release|Any CPU
	EndGlobalSection
	GlobalSection(ProjectConfigurationPlatforms) = postSolution
		{DB79DE9B-7A54-4ADE-B8E4-C0ED2EBC51E3}.Debug|Any CPU.ActiveCfg = Debug|Any CPU
		{DB79DE9B-7A54-4ADE-B8E4-C0ED2EBC51E3}.Debug|Any CPU.Build.0 = Debug|Any CPU
		{DB79DE9B-7A54-4ADE-B8E4-C0ED2EBC51E3}.Release|Any CPU.ActiveCfg = Release|Any CPU
		{DB79DE9B-7A54-4ADE-B8E4-C0ED2EBC51E3}.Release|Any CPU.Build.0 = Release|Any CPU
		{E8E1B7CA-8FCE-400E-8DE3-C273DD32343E}.Debug|Any CPU.ActiveCfg = Debug|Any CPU
		{E8E1B7CA-8FCE-400E-8DE3-C273DD32343E}.Debug|Any CPU.Build.0 = Debug|Any CPU
		{E8E1B7CA-8FCE-400E-8DE3-C273DD32343E}.Release|Any CPU.ActiveCfg = Release|Any CPU
		{E8E1B7CA-8FCE-400E-8DE3-C273DD32343E}.Release|Any CPU.Build.0 = Release|Any CPU
		{D3D100DD-FAF6-4DBF-85A6-4C6F8732B34E}.Debug|Any CPU.ActiveCfg = Debug|Any CPU
		{D3D100DD-FAF6-4DBF-85A6-4C6F8732B34E}.Debug|Any CPU.Build.0 = Debug|Any CPU
		{D3D100DD-FAF6-4DBF-85A6-4C6F8732B34E}.Release|Any CPU.ActiveCfg = Release|Any CPU
		{D3D100DD-FAF6-4DBF-85A6-4C6F8732B34E}.Release|Any CPU.Build.0 = Release|Any CPU
		{FCA405E4-B5D9-4AB8-907D-65BA9FF9A129}.Debug|Any CPU.ActiveCfg = Debug|Any CPU
		{FCA405E4-B5D9-4AB8-907D-65BA9FF9A129}.Debug|Any CPU.Build.0 = Debug|Any CPU
		{FCA405E4-B5D9-4AB8-907D-65BA9FF9A129}.Release|Any CPU.ActiveCfg = Release|Any CPU
		{FCA405E4-B5D9-4AB8-907D-65BA9FF9A129}.Release|Any CPU.Build.0 = Release|Any CPU
	EndGlobalSection
	GlobalSection(SolutionProperties) = preSolution
		HideSolutionNode = FALSE
	EndGlobalSection
	GlobalSection(ExtensibilityGlobals) = postSolution
		SolutionGuid = {4C297A11-C63D-49AE-A3D1-2B11ACDB5058}
	EndGlobalSection
EndGlobal
